
Microsoft Visual Studio Solution File, Format Version 12.00
# Visual Studio Version 17
VisualStudioVersion = 17.2.32602.215
MinimumVisualStudioVersion = 10.0.40219.1
Project("{9A19103F-16F7-4668-BE54-9A1E7A4F7556}") = "LaundryAppWasm.Server", "LaundryAppWasm\Server\LaundryAppWasm.Server.csproj", "{50C22ACD-C25F-4710-9BCD-A760C09A97EF}"
EndProject
Project("{9A19103F-16F7-4668-BE54-9A1E7A4F7556}") = "LaundryAppWasm.Client", "LaundryAppWasm\Client\LaundryAppWasm.Client.csproj", "{59C325AC-1801-414B-BC75-44D3EB3D8A5A}"
EndProject
Project("{9A19103F-16F7-4668-BE54-9A1E7A4F7556}") = "LaundryAppWasm.Shared", "LaundryAppWasm\Shared\LaundryAppWasm.Shared.csproj", "{5E95B5F0-0BCC-4766-851D-E83180599D57}"
EndProject
Project("{FAE04EC0-301F-11D3-BF4B-00C04F79EFBC}") = "LaundryAppWasm.Test", "LaundryAppWasm.Test\LaundryAppWasm.Test.csproj", "{1BD07CC3-223E-4E53-8A0F-B5C537DBE69B}"
EndProject
Global
	GlobalSection(SolutionConfigurationPlatforms) = preSolution
		Debug|Any CPU = Debug|Any CPU
		Release|Any CPU = Release|Any CPU
	EndGlobalSection
	GlobalSection(ProjectConfigurationPlatforms) = postSolution
		{50C22ACD-C25F-4710-9BCD-A760C09A97EF}.Debug|Any CPU.ActiveCfg = Debug|Any CPU
		{50C22ACD-C25F-4710-9BCD-A760C09A97EF}.Debug|Any CPU.Build.0 = Debug|Any CPU
		{50C22ACD-C25F-4710-9BCD-A760C09A97EF}.Release|Any CPU.ActiveCfg = Release|Any CPU
		{50C22ACD-C25F-4710-9BCD-A760C09A97EF}.Release|Any CPU.Build.0 = Release|Any CPU
		{59C325AC-1801-414B-BC75-44D3EB3D8A5A}.Debug|Any CPU.ActiveCfg = Debug|Any CPU
		{59C325AC-1801-414B-BC75-44D3EB3D8A5A}.Debug|Any CPU.Build.0 = Debug|Any CPU
		{59C325AC-1801-414B-BC75-44D3EB3D8A5A}.Release|Any CPU.ActiveCfg = Release|Any CPU
		{59C325AC-1801-414B-BC75-44D3EB3D8A5A}.Release|Any CPU.Build.0 = Release|Any CPU
		{5E95B5F0-0BCC-4766-851D-E83180599D57}.Debug|Any CPU.ActiveCfg = Debug|Any CPU
		{5E95B5F0-0BCC-4766-851D-E83180599D57}.Debug|Any CPU.Build.0 = Debug|Any CPU
		{5E95B5F0-0BCC-4766-851D-E83180599D57}.Release|Any CPU.ActiveCfg = Release|Any CPU
		{5E95B5F0-0BCC-4766-851D-E83180599D57}.Release|Any CPU.Build.0 = Release|Any CPU
		{1BD07CC3-223E-4E53-8A0F-B5C537DBE69B}.Debug|Any CPU.ActiveCfg = Debug|Any CPU
		{1BD07CC3-223E-4E53-8A0F-B5C537DBE69B}.Debug|Any CPU.Build.0 = Debug|Any CPU
		{1BD07CC3-223E-4E53-8A0F-B5C537DBE69B}.Release|Any CPU.ActiveCfg = Release|Any CPU
		{1BD07CC3-223E-4E53-8A0F-B5C537DBE69B}.Release|Any CPU.Build.0 = Release|Any CPU
	EndGlobalSection
	GlobalSection(SolutionProperties) = preSolution
		HideSolutionNode = FALSE
	EndGlobalSection
	GlobalSection(ExtensibilityGlobals) = postSolution
		SolutionGuid = {838A3AA6-13DD-4EAA-ACEB-B87DC7EA578E}
	EndGlobalSection
EndGlobal
